
Microsoft Visual Studio Solution File, Format Version 12.00
# Visual Studio 15
VisualStudioVersion = 15.0.28010.2046
MinimumVisualStudioVersion = 10.0.40219.1
Project("{FAE04EC0-301F-11D3-BF4B-00C04F79EFBC}") = "SISTEMA DE MATRICULA V1", "SISTEMA DE MATRICULA V1.csproj", "{92BFCDE4-6D5C-4812-A961-4EA1EDF033A4}"
EndProject
Global
	GlobalSection(SolutionConfigurationPlatforms) = preSolution
		Debug|Any CPU = Debug|Any CPU
		Release|Any CPU = Release|Any CPU
	EndGlobalSection
	GlobalSection(ProjectConfigurationPlatforms) = postSolution
		{92BFCDE4-6D5C-4812-A961-4EA1EDF033A4}.Debug|Any CPU.ActiveCfg = Debug|Any CPU
		{92BFCDE4-6D5C-4812-A961-4EA1EDF033A4}.Debug|Any CPU.Build.0 = Debug|Any CPU
		{92BFCDE4-6D5C-4812-A961-4EA1EDF033A4}.Release|Any CPU.ActiveCfg = Release|Any CPU
		{92BFCDE4-6D5C-4812-A961-4EA1EDF033A4}.Release|Any CPU.Build.0 = Release|Any CPU
	EndGlobalSection
	GlobalSection(SolutionProperties) = preSolution
		HideSolutionNode = FALSE
	EndGlobalSection
	GlobalSection(ExtensibilityGlobals) = postSolution
		SolutionGuid = {01D5E5A2-67E0-4DD2-AF91-1E1181592DFA}
	EndGlobalSection
EndGlobal
